
Microsoft Visual Studio Solution File, Format Version 12.00
# Visual Studio Version 17
VisualStudioVersion = 17.8.34322.80
MinimumVisualStudioVersion = 10.0.40219.1
Project("{FAE04EC0-301F-11D3-BF4B-00C04F79EFBC}") = "BITS", "BITS.csproj", "{22E58459-E4CE-406A-8F04-3307C350C3B8}"
EndProject
Project("{FAE04EC0-301F-11D3-BF4B-00C04F79EFBC}") = "BitsApi", "..\BitsApi\BitsApi.csproj", "{58B973B7-D719-4181-992F-BB1D3C2C6FD0}"
EndProject
Global
	GlobalSection(SolutionConfigurationPlatforms) = preSolution
		Debug|Any CPU = Debug|Any CPU
		Release|Any CPU = Release|Any CPU
	EndGlobalSection
	GlobalSection(ProjectConfigurationPlatforms) = postSolution
		{22E58459-E4CE-406A-8F04-3307C350C3B8}.Debug|Any CPU.ActiveCfg = Debug|Any CPU
		{22E58459-E4CE-406A-8F04-3307C350C3B8}.Debug|Any CPU.Build.0 = Debug|Any CPU
		{22E58459-E4CE-406A-8F04-3307C350C3B8}.Release|Any CPU.ActiveCfg = Release|Any CPU
		{22E58459-E4CE-406A-8F04-3307C350C3B8}.Release|Any CPU.Build.0 = Release|Any CPU
		{58B973B7-D719-4181-992F-BB1D3C2C6FD0}.Debug|Any CPU.ActiveCfg = Debug|Any CPU
		{58B973B7-D719-4181-992F-BB1D3C2C6FD0}.Debug|Any CPU.Build.0 = Debug|Any CPU
		{58B973B7-D719-4181-992F-BB1D3C2C6FD0}.Release|Any CPU.ActiveCfg = Release|Any CPU
		{58B973B7-D719-4181-992F-BB1D3C2C6FD0}.Release|Any CPU.Build.0 = Release|Any CPU
	EndGlobalSection
	GlobalSection(SolutionProperties) = preSolution
		HideSolutionNode = FALSE
	EndGlobalSection
	GlobalSection(ExtensibilityGlobals) = postSolution
		SolutionGuid = {B95E00A4-0EF1-40DB-8210-BFCB90D81C4D}
	EndGlobalSection
EndGlobal
